// !$*UTF8*$!
{
	archiveVersion = 1;
	classes = {
	};
	objectVersion = 46;
	objects = {

/* Begin PBXBuildFile section */
		ED591FD61CAEB39600627627 /* main.m in Sources */ = {isa = PBXBuildFile; fileRef = ED591FD51CAEB39600627627 /* main.m */; };
		ED591FD91CAEB39700627627 /* AppDelegate.m in Sources */ = {isa = PBXBuildFile; fileRef = ED591FD81CAEB39700627627 /* AppDelegate.m */; };
		ED591FDF1CAEB39700627627 /* Main.storyboard in Resources */ = {isa = PBXBuildFile; fileRef = ED591FDD1CAEB39700627627 /* Main.storyboard */; };
		ED591FE11CAEB39700627627 /* Assets.xcassets in Resources */ = {isa = PBXBuildFile; fileRef = ED591FE01CAEB39700627627 /* Assets.xcassets */; };
		ED591FE41CAEB39700627627 /* LaunchScreen.storyboard in Resources */ = {isa = PBXBuildFile; fileRef = ED591FE21CAEB39700627627 /* LaunchScreen.storyboard */; };
		ED591FF51CAEBFBB00627627 /* ViewController.m in Sources */ = {isa = PBXBuildFile; fileRef = ED591FF31CAEBFBB00627627 /* ViewController.m */; };
		ED591FF61CAEBFBB00627627 /* ViewController.xib in Resources */ = {isa = PBXBuildFile; fileRef = ED591FF41CAEBFBB00627627 /* ViewController.xib */; };
		ED591FFA1CAEC15300627627 /* CVCell.m in Sources */ = {isa = PBXBuildFile; fileRef = ED591FF81CAEC15300627627 /* CVCell.m */; };
		ED591FFB1CAEC15300627627 /* CVCell.xib in Resources */ = {isa = PBXBuildFile; fileRef = ED591FF91CAEC15300627627 /* CVCell.xib */; };
		ED591FFD1CAEC44C00627627 /* NibCell.xib in Resources */ = {isa = PBXBuildFile; fileRef = ED591FFC1CAEC44C00627627 /* NibCell.xib */; };
/* End PBXBuildFile section */

/* Begin PBXFileReference section */
		ED591FD11CAEB39600627627 /* MariyaCollectionView.app */ = {isa = PBXFileReference; explicitFileType = wrapper.application; includeInIndex = 0; path = MariyaCollectionView.app; sourceTree = BUILT_PRODUCTS_DIR; };
		ED591FD51CAEB39600627627 /* main.m */ = {isa = PBXFileReference; lastKnownFileType = sourcecode.c.objc; path = main.m; sourceTree = "<group>"; };
		ED591FD71CAEB39700627627 /* AppDelegate.h */ = {isa = PBXFileReference; lastKnownFileType = sourcecode.c.h; name = AppDelegate.h; path = MariyaCollectionView/AppDelegate.h; sourceTree = "<group>"; };
		ED591FD81CAEB39700627627 /* AppDelegate.m */ = {isa = PBXFileReference; lastKnownFileType = sourcecode.c.objc; name = AppDelegate.m; path = MariyaCollectionView/AppDelegate.m; sourceTree = "<group>"; };
		ED591FDE1CAEB39700627627 /* Base */ = {isa = PBXFileReference; lastKnownFileType = file.storyboard; name = Base; path = Base.lproj/Main.storyboard; sourceTree = "<group>"; };
		ED591FE01CAEB39700627627 /* Assets.xcassets */ = {isa = PBXFileReference; lastKnownFileType = folder.assetcatalog; name = Assets.xcassets; path = MariyaCollectionView/Assets.xcassets; sourceTree = "<group>"; };
		ED591FE31CAEB39700627627 /* Base */ = {isa = PBXFileReference; lastKnownFileType = file.storyboard; name = Base; path = Base.lproj/LaunchScreen.storyboard; sourceTree = "<group>"; };
		ED591FE51CAEB39700627627 /* Info.plist */ = {isa = PBXFileReference; lastKnownFileType = text.plist.xml; path = Info.plist; sourceTree = "<group>"; };
		ED591FF21CAEBFBB00627627 /* ViewController.h */ = {isa = PBXFileReference; fileEncoding = 4; lastKnownFileType = sourcecode.c.h; path = ViewController.h; sourceTree = "<group>"; };
		ED591FF31CAEBFBB00627627 /* ViewController.m */ = {isa = PBXFileReference; fileEncoding = 4; lastKnownFileType = sourcecode.c.objc; path = ViewController.m; sourceTree = "<group>"; };
		ED591FF41CAEBFBB00627627 /* ViewController.xib */ = {isa = PBXFileReference; fileEncoding = 4; lastKnownFileType = file.xib; path = ViewController.xib; sourceTree = "<group>"; };
		ED591FF71CAEC15300627627 /* CVCell.h */ = {isa = PBXFileReference; fileEncoding = 4; lastKnownFileType = sourcecode.c.h; path = CVCell.h; sourceTree = "<group>"; };
		ED591FF81CAEC15300627627 /* CVCell.m */ = {isa = PBXFileReference; fileEncoding = 4; lastKnownFileType = sourcecode.c.objc; path = CVCell.m; sourceTree = "<group>"; };
		ED591FF91CAEC15300627627 /* CVCell.xib */ = {isa = PBXFileReference; fileEncoding = 4; lastKnownFileType = file.xib; path = CVCell.xib; sourceTree = "<group>"; };
		ED591FFC1CAEC44C00627627 /* NibCell.xib */ = {isa = PBXFileReference; fileEncoding = 4; lastKnownFileType = file.xib; path = NibCell.xib; sourceTree = "<group>"; };
/* End PBXFileReference section */

/* Begin PBXFrameworksBuildPhase section */
		ED591FCE1CAEB39600627627 /* Frameworks */ = {
			isa = PBXFrameworksBuildPhase;
			buildActionMask = 2147483647;
			files = (
			);
			runOnlyForDeploymentPostprocessing = 0;
		};
/* End PBXFrameworksBuildPhase section */

/* Begin PBXGroup section */
		ED591FC81CAEB39600627627 = {
			isa = PBXGroup;
			children = (
				ED591FEB1CAEBDF500627627 /* AppDelegate */,
				ED591FEF1CAEBE8600627627 /* CollectionView */,
				ED591FF11CAEBEBD00627627 /* Subclass Cells */,
				ED591FF01CAEBE9F00627627 /* Nib Cells */,
				ED591FED1CAEBE2F00627627 /* Assets */,
				ED591FD31CAEB39600627627 /* MariyaCollectionView */,
				ED591FD21CAEB39600627627 /* Products */,
			);
			sourceTree = "<group>";
		};
		ED591FD21CAEB39600627627 /* Products */ = {
			isa = PBXGroup;
			children = (
				ED591FD11CAEB39600627627 /* MariyaCollectionView.app */,
			);
			name = Products;
			sourceTree = "<group>";
		};
		ED591FD31CAEB39600627627 /* MariyaCollectionView */ = {
			isa = PBXGroup;
			children = (
				ED591FEE1CAEBE3F00627627 /* Storyboard */,
				ED591FE21CAEB39700627627 /* LaunchScreen.storyboard */,
				ED591FE51CAEB39700627627 /* Info.plist */,
				ED591FD41CAEB39600627627 /* Supporting Files */,
			);
			path = MariyaCollectionView;
			sourceTree = "<group>";
		};
		ED591FD41CAEB39600627627 /* Supporting Files */ = {
			isa = PBXGroup;
			children = (
				ED591FD51CAEB39600627627 /* main.m */,
			);
			name = "Supporting Files";
			sourceTree = "<group>";
		};
		ED591FEB1CAEBDF500627627 /* AppDelegate */ = {
			isa = PBXGroup;
			children = (
				ED591FD71CAEB39700627627 /* AppDelegate.h */,
				ED591FD81CAEB39700627627 /* AppDelegate.m */,
			);
			name = AppDelegate;
			sourceTree = "<group>";
		};
		ED591FED1CAEBE2F00627627 /* Assets */ = {
			isa = PBXGroup;
			children = (
				ED591FE01CAEB39700627627 /* Assets.xcassets */,
			);
			name = Assets;
			sourceTree = "<group>";
		};
		ED591FEE1CAEBE3F00627627 /* Storyboard */ = {
			isa = PBXGroup;
			children = (
				ED591FDD1CAEB39700627627 /* Main.storyboard */,
			);
			name = Storyboard;
			path = ..;
			sourceTree = "<group>";
		};
		ED591FEF1CAEBE8600627627 /* CollectionView */ = {
			isa = PBXGroup;
			children = (
				ED591FF21CAEBFBB00627627 /* ViewController.h */,
				ED591FF31CAEBFBB00627627 /* ViewController.m */,
				ED591FF41CAEBFBB00627627 /* ViewController.xib */,
			);
			name = CollectionView;
			sourceTree = "<group>";
		};
		ED591FF01CAEBE9F00627627 /* Nib Cells */ = {
			isa = PBXGroup;
			children = (
				ED591FFC1CAEC44C00627627 /* NibCell.xib */,
			);
			name = "Nib Cells";
			sourceTree = "<group>";
		};
		ED591FF11CAEBEBD00627627 /* Subclass Cells */ = {
			isa = PBXGroup;
			children = (
				ED591FF71CAEC15300627627 /* CVCell.h */,
				ED591FF81CAEC15300627627 /* CVCell.m */,
				ED591FF91CAEC15300627627 /* CVCell.xib */,
			);
			name = "Subclass Cells";
			sourceTree = "<group>";
		};
/* End PBXGroup section */

/* Begin PBXNativeTarget section */
		ED591FD01CAEB39600627627 /* MariyaCollectionView */ = {
			isa = PBXNativeTarget;
			buildConfigurationList = ED591FE81CAEB39700627627 /* Build configuration list for PBXNativeTarget "MariyaCollectionView" */;
			buildPhases = (
				ED591FCD1CAEB39600627627 /* Sources */,
				ED591FCE1CAEB39600627627 /* Frameworks */,
				ED591FCF1CAEB39600627627 /* Resources */,
			);
			buildRules = (
			);
			dependencies = (
			);
			name = MariyaCollectionView;
			productName = MariyaCollectionView;
			productReference = ED591FD11CAEB39600627627 /* MariyaCollectionView.app */;
			productType = "com.apple.product-type.application";
		};
/* End PBXNativeTarget section */

/* Begin PBXProject section */
		ED591FC91CAEB39600627627 /* Project object */ = {
			isa = PBXProject;
			attributes = {
				LastUpgradeCheck = 0730;
				ORGANIZATIONNAME = "Mariya Eggensperger";
				TargetAttributes = {
					ED591FD01CAEB39600627627 = {
						CreatedOnToolsVersion = 7.3;
						DevelopmentTeam = 43RAP2A4D4;
					};
				};
			};
			buildConfigurationList = ED591FCC1CAEB39600627627 /* Build configuration list for PBXProject "MariyaCollectionView" */;
			compatibilityVersion = "Xcode 3.2";
			developmentRegion = English;
			hasScannedForEncodings = 0;
			knownRegions = (
				en,
				Base,
			);
			mainGroup = ED591FC81CAEB39600627627;
			productRefGroup = ED591FD21CAEB39600627627 /* Products */;
			projectDirPath = "";
			projectRoot = "";
			targets = (
				ED591FD01CAEB39600627627 /* MariyaCollectionView */,
			);
		};
/* End PBXProject section */

/* Begin PBXResourcesBuildPhase section */
		ED591FCF1CAEB39600627627 /* Resources */ = {
			isa = PBXResourcesBuildPhase;
			buildActionMask = 2147483647;
			files = (
				ED591FFB1CAEC15300627627 /* CVCell.xib in Resources */,
				ED591FFD1CAEC44C00627627 /* NibCell.xib in Resources */,
				ED591FE41CAEB39700627627 /* LaunchScreen.storyboard in Resources */,
				ED591FE11CAEB39700627627 /* Assets.xcassets in Resources */,
				ED591FF61CAEBFBB00627627 /* ViewController.xib in Resources */,
				ED591FDF1CAEB39700627627 /* Main.storyboard in Resources */,
			);
			runOnlyForDeploymentPostprocessing = 0;
		};
/* End PBXResourcesBuildPhase section */

/* Begin PBXSourcesBuildPhase section */
		ED591FCD1CAEB39600627627 /* Sources */ = {
			isa = PBXSourcesBuildPhase;
			buildActionMask = 2147483647;
			files = (
				ED591FFA1CAEC15300627627 /* CVCell.m in Sources */,
				ED591FF51CAEBFBB00627627 /* ViewController.m in Sources */,
				ED591FD91CAEB39700627627 /* AppDelegate.m in Sources */,
				ED591FD61CAEB39600627627 /* main.m in Sources */,
			);
			runOnlyForDeploymentPostprocessing = 0;
		};
/* End PBXSourcesBuildPhase section */

/* Begin PBXVariantGroup section */
		ED591FDD1CAEB39700627627 /* Main.storyboard */ = {
			isa = PBXVariantGroup;
			children = (
				ED591FDE1CAEB39700627627 /* Base */,
			);
			name = Main.storyboard;
			path = MariyaCollectionView;
			sourceTree = "<group>";
		};
		ED591FE21CAEB39700627627 /* LaunchScreen.storyboard */ = {
			isa = PBXVariantGroup;
			children = (
				ED591FE31CAEB39700627627 /* Base */,
			);
			name = LaunchScreen.storyboard;
			sourceTree = "<group>";
		};
/* End PBXVariantGroup section */

/* Begin XCBuildConfiguration section */
		ED591FE61CAEB39700627627 /* Debug */ = {
			isa = XCBuildConfiguration;
			buildSettings = {
				ALWAYS_SEARCH_USER_PATHS = NO;
				CLANG_ANALYZER_NONNULL = YES;
				CLANG_CXX_LANGUAGE_STANDARD = "gnu++0x";
				CLANG_CXX_LIBRARY = "libc++";
				CLANG_ENABLE_MODULES = YES;
				CLANG_ENABLE_OBJC_ARC = YES;
				CLANG_WARN_BOOL_CONVERSION = YES;
				CLANG_WARN_CONSTANT_CONVERSION = YES;
				CLANG_WARN_DIRECT_OBJC_ISA_USAGE = YES_ERROR;
				CLANG_WARN_EMPTY_BODY = YES;
				CLANG_WARN_ENUM_CONVERSION = YES;
				CLANG_WARN_INT_CONVERSION = YES;
				CLANG_WARN_OBJC_ROOT_CLASS = YES_ERROR;
				CLANG_WARN_UNREACHABLE_CODE = YES;
				CLANG_WARN__DUPLICATE_METHOD_MATCH = YES;
				"CODE_SIGN_IDENTITY[sdk=iphoneos*]" = "iPhone Developer";
				COPY_PHASE_STRIP = NO;
				DEBUG_INFORMATION_FORMAT = dwarf;
				ENABLE_STRICT_OBJC_MSGSEND = YES;
				ENABLE_TESTABILITY = YES;
				GCC_C_LANGUAGE_STANDARD = gnu99;
				GCC_DYNAMIC_NO_PIC = NO;
				GCC_NO_COMMON_BLOCKS = YES;
				GCC_OPTIMIZATION_LEVEL = 0;
				GCC_PREPROCESSOR_DEFINITIONS = (
					"DEBUG=1",
					"$(inherited)",
				);
				GCC_WARN_64_TO_32_BIT_CONVERSION = YES;
				GCC_WARN_ABOUT_RETURN_TYPE = YES_ERROR;
				GCC_WARN_UNDECLARED_SELECTOR = YES;
				GCC_WARN_UNINITIALIZED_AUTOS = YES_AGGRESSIVE;
				GCC_WARN_UNUSED_FUNCTION = YES;
				GCC_WARN_UNUSED_VARIABLE = YES;
				IPHONEOS_DEPLOYMENT_TARGET = 9.3;
				MTL_ENABLE_DEBUG_INFO = YES;
				ONLY_ACTIVE_ARCH = YES;
				SDKROOT = iphoneos;
			};
			name = Debug;
		};
		ED591FE71CAEB39700627627 /* Release */ = {
			isa = XCBuildConfiguration;
			buildSettings = {
				ALWAYS_SEARCH_USER_PATHS = NO;
				CLANG_ANALYZER_NONNULL = YES;
				CLANG_CXX_LANGUAGE_STANDARD = "gnu++0x";
				CLANG_CXX_LIBRARY = "libc++";
				CLANG_ENABLE_MODULES = YES;
				CLANG_ENABLE_OBJC_ARC = YES;
				CLANG_WARN_BOOL_CONVERSION = YES;
				CLANG_WARN_CONSTANT_CONVERSION = YES;
				CLANG_WARN_DIRECT_OBJC_ISA_USAGE = YES_ERROR;
				CLANG_WARN_EMPTY_BODY = YES;
				CLANG_WARN_ENUM_CONVERSION = YES;
				CLANG_WARN_INT_CONVERSION = YES;
				CLANG_WARN_OBJC_ROOT_CLASS = YES_ERROR;
				CLANG_WARN_UNREACHABLE_CODE = YES;
				CLANG_WARN__DUPLICATE_METHOD_MATCH = YES;
				"CODE_SIGN_IDENTITY[sdk=iphoneos*]" = "iPhone Developer";
				COPY_PHASE_STRIP = NO;
				DEBUG_INFORMATION_FORMAT = "dwarf-with-dsym";
				ENABLE_NS_ASSERTIONS = NO;
				ENABLE_STRICT_OBJC_MSGSEND = YES;
				GCC_C_LANGUAGE_STANDARD = gnu99;
				GCC_NO_COMMON_BLOCKS = YES;
				GCC_WARN_64_TO_32_BIT_CONVERSION = YES;
				GCC_WARN_ABOUT_RETURN_TYPE = YES_ERROR;
				GCC_WARN_UNDECLARED_SELECTOR = YES;
				GCC_WARN_UNINITIALIZED_AUTOS = YES_AGGRESSIVE;
				GCC_WARN_UNUSED_FUNCTION = YES;
				GCC_WARN_UNUSED_VARIABLE = YES;
				IPHONEOS_DEPLOYMENT_TARGET = 9.3;
				MTL_ENABLE_DEBUG_INFO = NO;
				SDKROOT = iphoneos;
				VALIDATE_PRODUCT = YES;
			};
			name = Release;
		};
		ED591FE91CAEB39700627627 /* Debug */ = {
			isa = XCBuildConfiguration;
			buildSettings = {
				ASSETCATALOG_COMPILER_APPICON_NAME = AppIcon;
				INFOPLIST_FILE = MariyaCollectionView/Info.plist;
				LD_RUNPATH_SEARCH_PATHS = "$(inherited) @executable_path/Frameworks";
				PRODUCT_BUNDLE_IDENTIFIER = MariyaEggensperger.MariyaCollectionView;
				PRODUCT_NAME = "$(TARGET_NAME)";
			};
			name = Debug;
		};
		ED591FEA1CAEB39700627627 /* Release */ = {
			isa = XCBuildConfiguration;
			buildSettings = {
				ASSETCATALOG_COMPILER_APPICON_NAME = AppIcon;
				INFOPLIST_FILE = MariyaCollectionView/Info.plist;
				LD_RUNPATH_SEARCH_PATHS = "$(inherited) @executable_path/Frameworks";
				PRODUCT_BUNDLE_IDENTIFIER = MariyaEggensperger.MariyaCollectionView;
				PRODUCT_NAME = "$(TARGET_NAME)";
			};
			name = Release;
		};
/* End XCBuildConfiguration section */

/* Begin XCConfigurationList section */
		ED591FCC1CAEB39600627627 /* Build configuration list for PBXProject "MariyaCollectionView" */ = {
			isa = XCConfigurationList;
			buildConfigurations = (
				ED591FE61CAEB39700627627 /* Debug */,
				ED591FE71CAEB39700627627 /* Release */,
			);
			defaultConfigurationIsVisible = 0;
			defaultConfigurationName = Release;
		};
		ED591FE81CAEB39700627627 /* Build configuration list for PBXNativeTarget "MariyaCollectionView" */ = {
			isa = XCConfigurationList;
			buildConfigurations = (
				ED591FE91CAEB39700627627 /* Debug */,
				ED591FEA1CAEB39700627627 /* Release */,
			);
			defaultConfigurationIsVisible = 0;
			defaultConfigurationName = Release;
		};
/* End XCConfigurationList section */
	};
	rootObject = ED591FC91CAEB39600627627 /* Project object */;
}
